
Microsoft Visual Studio Solution File, Format Version 12.00
# Visual Studio Version 16
VisualStudioVersion = 16.0.29911.84
MinimumVisualStudioVersion = 10.0.40219.1
Project("{FAE04EC0-301F-11D3-BF4B-00C04F79EFBC}") = "MvcMovie", "MvcMovie.csproj", "{B26AC1AB-C2FD-4252-987C-C244AB20700F}"
EndProject
Global
	GlobalSection(SolutionConfigurationPlatforms) = preSolution
		Debug|Any CPU = Debug|Any CPU
		Release|Any CPU = Release|Any CPU
	EndGlobalSection
	GlobalSection(ProjectConfigurationPlatforms) = postSolution
		{B26AC1AB-C2FD-4252-987C-C244AB20700F}.Debug|Any CPU.ActiveCfg = Debug|Any CPU
		{B26AC1AB-C2FD-4252-987C-C244AB20700F}.Debug|Any CPU.Build.0 = Debug|Any CPU
		{B26AC1AB-C2FD-4252-987C-C244AB20700F}.Release|Any CPU.ActiveCfg = Release|Any CPU
		{B26AC1AB-C2FD-4252-987C-C244AB20700F}.Release|Any CPU.Build.0 = Release|Any CPU
	EndGlobalSection
	GlobalSection(SolutionProperties) = preSolution
		HideSolutionNode = FALSE
	EndGlobalSection
	GlobalSection(ExtensibilityGlobals) = postSolution
		SolutionGuid = {5AD5049A-DBC7-4C0C-BF89-9F24A2CD41D1}
	EndGlobalSection
EndGlobal
